
Microsoft Visual Studio Solution File, Format Version 12.00
# Visual Studio Version 17
VisualStudioVersion = 17.9.34728.123
MinimumVisualStudioVersion = 10.0.40219.1
Project("{9A19103F-16F7-4668-BE54-9A1E7A4F7556}") = "UltraBank-Wallet", "UltraBank-Wallet\UltraBank-Wallet.csproj", "{5E64453A-46FF-4F21-85AF-CA03BD3B20D4}"
EndProject
Project("{E53339B2-1760-4266-BCC7-CA923CBCF16C}") = "docker-compose", "docker-compose.dcproj", "{134FB223-A2B2-4F03-80B1-858A3C4227C1}"
EndProject
Global
	GlobalSection(SolutionConfigurationPlatforms) = preSolution
		Debug|Any CPU = Debug|Any CPU
		Release|Any CPU = Release|Any CPU
	EndGlobalSection
	GlobalSection(ProjectConfigurationPlatforms) = postSolution
		{5E64453A-46FF-4F21-85AF-CA03BD3B20D4}.Debug|Any CPU.ActiveCfg = Debug|Any CPU
		{5E64453A-46FF-4F21-85AF-CA03BD3B20D4}.Debug|Any CPU.Build.0 = Debug|Any CPU
		{5E64453A-46FF-4F21-85AF-CA03BD3B20D4}.Release|Any CPU.ActiveCfg = Release|Any CPU
		{5E64453A-46FF-4F21-85AF-CA03BD3B20D4}.Release|Any CPU.Build.0 = Release|Any CPU
		{134FB223-A2B2-4F03-80B1-858A3C4227C1}.Debug|Any CPU.ActiveCfg = Debug|Any CPU
		{134FB223-A2B2-4F03-80B1-858A3C4227C1}.Debug|Any CPU.Build.0 = Debug|Any CPU
		{134FB223-A2B2-4F03-80B1-858A3C4227C1}.Release|Any CPU.ActiveCfg = Release|Any CPU
		{134FB223-A2B2-4F03-80B1-858A3C4227C1}.Release|Any CPU.Build.0 = Release|Any CPU
	EndGlobalSection
	GlobalSection(SolutionProperties) = preSolution
		HideSolutionNode = FALSE
	EndGlobalSection
	GlobalSection(ExtensibilityGlobals) = postSolution
		SolutionGuid = {A81D3A62-3F2C-4FEB-B01F-B14640E8B649}
	EndGlobalSection
EndGlobal
